{
  "name": "@arim-ui/components",
  "version": "1.0.0",
  "lockfileVersion": 3,
  "requires": true,
  "packages": {
    "": {
      "name": "@arim-ui/components",
      "version": "1.0.0",
      "license": "ISC",
      "dependencies": {
        "@arim-ui/components": "file:",
        "components": "file:"
      }
    },
    "node_modules/@arim-ui/components": {
      "resolved": "",
      "link": true
    },
    "node_modules/components": {
      "resolved": "",
      "link": true
    }
  }
}
