{
  "name": "@arim-ui/utils",
  "version": "1.0.0",
  "lockfileVersion": 3,
  "requires": true,
  "packages": {
    "": {
      "name": "@arim-ui/utils",
      "version": "1.0.0",
      "license": "ISC",
      "dependencies": {
        "@arim-ui/utils": "file:",
        "@arim/utils": "file:",
        "utils": "file:"
      }
    },
    "node_modules/@arim-ui/utils": {
      "resolved": "",
      "link": true
    },
    "node_modules/@arim/utils": {
      "resolved": "",
      "link": true
    },
    "node_modules/utils": {
      "resolved": "",
      "link": true
    }
  }
}
